// !$*UTF8*$!
{
	archiveVersion = 1;
	classes = {
	};
	objectVersion = 46;
	objects = {

/* Begin PBXBuildFile section */
		3DDEFCA2159B640C00B4EC41 /* UIKit.framework in Frameworks */ = {isa = PBXBuildFile; fileRef = 3DDEFCA1159B640C00B4EC41 /* UIKit.framework */; };
		3DDEFCA4159B640C00B4EC41 /* Foundation.framework in Frameworks */ = {isa = PBXBuildFile; fileRef = 3DDEFCA3159B640C00B4EC41 /* Foundation.framework */; };
		3DDEFCA6159B640C00B4EC41 /* CoreGraphics.framework in Frameworks */ = {isa = PBXBuildFile; fileRef = 3DDEFCA5159B640C00B4EC41 /* CoreGraphics.framework */; };
		3DDEFCA8159B640C00B4EC41 /* GLKit.framework in Frameworks */ = {isa = PBXBuildFile; fileRef = 3DDEFCA7159B640C00B4EC41 /* GLKit.framework */; };
		3DDEFCAA159B640C00B4EC41 /* OpenGLES.framework in Frameworks */ = {isa = PBXBuildFile; fileRef = 3DDEFCA9159B640C00B4EC41 /* OpenGLES.framework */; };
		3DDEFCB0159B640C00B4EC41 /* InfoPlist.strings in Resources */ = {isa = PBXBuildFile; fileRef = 3DDEFCAE159B640C00B4EC41 /* InfoPlist.strings */; };
		3DDEFCB2159B640C00B4EC41 /* main.m in Sources */ = {isa = PBXBuildFile; fileRef = 3DDEFCB1159B640C00B4EC41 /* main.m */; };
		3DDEFCB6159B640C00B4EC41 /* AppDelegate.m in Sources */ = {isa = PBXBuildFile; fileRef = 3DDEFCB5159B640C00B4EC41 /* AppDelegate.m */; };
		3DDEFCB9159B640C00B4EC41 /* MainStoryboard.storyboard in Resources */ = {isa = PBXBuildFile; fileRef = 3DDEFCB7159B640C00B4EC41 /* MainStoryboard.storyboard */; };
		3DDEFCBB159B640C00B4EC41 /* Shader.fsh in Resources */ = {isa = PBXBuildFile; fileRef = 3DDEFCBA159B640C00B4EC41 /* Shader.fsh */; };
		3DDEFCBD159B640C00B4EC41 /* Shader.vsh in Resources */ = {isa = PBXBuildFile; fileRef = 3DDEFCBC159B640C00B4EC41 /* Shader.vsh */; };
		3DDEFCC0159B640C00B4EC41 /* ViewController.m in Sources */ = {isa = PBXBuildFile; fileRef = 3DDEFCBF159B640C00B4EC41 /* ViewController.m */; };
/* End PBXBuildFile section */

/* Begin PBXFileReference section */
		3DDEFC9D159B640C00B4EC41 /* simpleFBO.app */ = {isa = PBXFileReference; explicitFileType = wrapper.application; includeInIndex = 0; path = simpleFBO.app; sourceTree = BUILT_PRODUCTS_DIR; };
		3DDEFCA1159B640C00B4EC41 /* UIKit.framework */ = {isa = PBXFileReference; lastKnownFileType = wrapper.framework; name = UIKit.framework; path = System/Library/Frameworks/UIKit.framework; sourceTree = SDKROOT; };
		3DDEFCA3159B640C00B4EC41 /* Foundation.framework */ = {isa = PBXFileReference; lastKnownFileType = wrapper.framework; name = Foundation.framework; path = System/Library/Frameworks/Foundation.framework; sourceTree = SDKROOT; };
		3DDEFCA5159B640C00B4EC41 /* CoreGraphics.framework */ = {isa = PBXFileReference; lastKnownFileType = wrapper.framework; name = CoreGraphics.framework; path = System/Library/Frameworks/CoreGraphics.framework; sourceTree = SDKROOT; };
		3DDEFCA7159B640C00B4EC41 /* GLKit.framework */ = {isa = PBXFileReference; lastKnownFileType = wrapper.framework; name = GLKit.framework; path = System/Library/Frameworks/GLKit.framework; sourceTree = SDKROOT; };
		3DDEFCA9159B640C00B4EC41 /* OpenGLES.framework */ = {isa = PBXFileReference; lastKnownFileType = wrapper.framework; name = OpenGLES.framework; path = System/Library/Frameworks/OpenGLES.framework; sourceTree = SDKROOT; };
		3DDEFCAD159B640C00B4EC41 /* simpleFBO-Info.plist */ = {isa = PBXFileReference; path = "simpleFBO-Info.plist"; sourceTree = "<group>"; };
		3DDEFCAF159B640C00B4EC41 /* en */ = {isa = PBXFileReference; lastKnownFileType = text.plist.strings; name = en; path = en.lproj/InfoPlist.strings; sourceTree = "<group>"; };
		3DDEFCB1159B640C00B4EC41 /* main.m */ = {isa = PBXFileReference; lastKnownFileType = sourcecode.c.objc; path = main.m; sourceTree = "<group>"; };
		3DDEFCB3159B640C00B4EC41 /* simpleFBO-Prefix.pch */ = {isa = PBXFileReference; path = "simpleFBO-Prefix.pch"; sourceTree = "<group>"; };
		3DDEFCB4159B640C00B4EC41 /* AppDelegate.h */ = {isa = PBXFileReference; path = AppDelegate.h; sourceTree = "<group>"; };
		3DDEFCB5159B640C00B4EC41 /* AppDelegate.m */ = {isa = PBXFileReference; lastKnownFileType = sourcecode.c.objc; path = AppDelegate.m; sourceTree = "<group>"; };
		3DDEFCB8159B640C00B4EC41 /* en */ = {isa = PBXFileReference; lastKnownFileType = file.storyboard; name = en; path = en.lproj/MainStoryboard.storyboard; sourceTree = "<group>"; };
		3DDEFCBA159B640C00B4EC41 /* Shader.fsh */ = {isa = PBXFileReference; lastKnownFileType = sourcecode.glsl; name = Shader.fsh; path = Shaders/Shader.fsh; sourceTree = "<group>"; };
		3DDEFCBC159B640C00B4EC41 /* Shader.vsh */ = {isa = PBXFileReference; lastKnownFileType = sourcecode.glsl; name = Shader.vsh; path = Shaders/Shader.vsh; sourceTree = "<group>"; };
		3DDEFCBE159B640C00B4EC41 /* ViewController.h */ = {isa = PBXFileReference; path = ViewController.h; sourceTree = "<group>"; };
		3DDEFCBF159B640C00B4EC41 /* ViewController.m */ = {isa = PBXFileReference; lastKnownFileType = sourcecode.c.objc; path = ViewController.m; sourceTree = "<group>"; };
/* End PBXFileReference section */

/* Begin PBXFrameworksBuildPhase section */
		3DDEFC9A159B640C00B4EC41 /* Frameworks */ = {
			isa = PBXFrameworksBuildPhase;
			buildActionMask = 2147483647;
			files = (
				3DDEFCA2159B640C00B4EC41 /* UIKit.framework in Frameworks */,
				3DDEFCA4159B640C00B4EC41 /* Foundation.framework in Frameworks */,
				3DDEFCA6159B640C00B4EC41 /* CoreGraphics.framework in Frameworks */,
				3DDEFCA8159B640C00B4EC41 /* GLKit.framework in Frameworks */,
				3DDEFCAA159B640C00B4EC41 /* OpenGLES.framework in Frameworks */,
			);
			runOnlyForDeploymentPostprocessing = 0;
		};
/* End PBXFrameworksBuildPhase section */

/* Begin PBXGroup section */
		3DDEFC92159B640C00B4EC41 = {
			isa = PBXGroup;
			children = (
				3DDEFCAB159B640C00B4EC41 /* simpleFBO */,
				3DDEFCA0159B640C00B4EC41 /* Frameworks */,
				3DDEFC9E159B640C00B4EC41 /* Products */,
			);
			sourceTree = "<group>";
		};
		3DDEFC9E159B640C00B4EC41 /* Products */ = {
			isa = PBXGroup;
			children = (
				3DDEFC9D159B640C00B4EC41 /* simpleFBO.app */,
			);
			name = Products;
			sourceTree = "<group>";
		};
		3DDEFCA0159B640C00B4EC41 /* Frameworks */ = {
			isa = PBXGroup;
			children = (
				3DDEFCA1159B640C00B4EC41 /* UIKit.framework */,
				3DDEFCA3159B640C00B4EC41 /* Foundation.framework */,
				3DDEFCA5159B640C00B4EC41 /* CoreGraphics.framework */,
				3DDEFCA7159B640C00B4EC41 /* GLKit.framework */,
				3DDEFCA9159B640C00B4EC41 /* OpenGLES.framework */,
			);
			name = Frameworks;
			sourceTree = "<group>";
		};
		3DDEFCAB159B640C00B4EC41 /* simpleFBO */ = {
			isa = PBXGroup;
			children = (
				3DDEFCB4159B640C00B4EC41 /* AppDelegate.h */,
				3DDEFCB5159B640C00B4EC41 /* AppDelegate.m */,
				3DDEFCB7159B640C00B4EC41 /* MainStoryboard.storyboard */,
				3DDEFCBA159B640C00B4EC41 /* Shader.fsh */,
				3DDEFCBC159B640C00B4EC41 /* Shader.vsh */,
				3DDEFCBE159B640C00B4EC41 /* ViewController.h */,
				3DDEFCBF159B640C00B4EC41 /* ViewController.m */,
				3DDEFCAC159B640C00B4EC41 /* Supporting Files */,
			);
			path = simpleFBO;
			sourceTree = "<group>";
		};
		3DDEFCAC159B640C00B4EC41 /* Supporting Files */ = {
			isa = PBXGroup;
			children = (
				3DDEFCAD159B640C00B4EC41 /* simpleFBO-Info.plist */,
				3DDEFCAE159B640C00B4EC41 /* InfoPlist.strings */,
				3DDEFCB1159B640C00B4EC41 /* main.m */,
				3DDEFCB3159B640C00B4EC41 /* simpleFBO-Prefix.pch */,
			);
			name = "Supporting Files";
			sourceTree = "<group>";
		};
/* End PBXGroup section */

/* Begin PBXNativeTarget section */
		3DDEFC9C159B640C00B4EC41 /* simpleFBO */ = {
			isa = PBXNativeTarget;
			buildConfigurationList = 3DDEFCC3159B640C00B4EC41 /* Build configuration list for PBXNativeTarget "simpleFBO" */;
			buildPhases = (
				3DDEFC99159B640C00B4EC41 /* Sources */,
				3DDEFC9A159B640C00B4EC41 /* Frameworks */,
				3DDEFC9B159B640C00B4EC41 /* Resources */,
			);
			buildRules = (
			);
			dependencies = (
			);
			name = simpleFBO;
			productName = simpleFBO;
			productReference = 3DDEFC9D159B640C00B4EC41 /* simpleFBO.app */;
			productType = "com.apple.product-type.application";
		};
/* End PBXNativeTarget section */

/* Begin PBXProject section */
		3DDEFC94159B640C00B4EC41 /* Project object */ = {
			isa = PBXProject;
			attributes = {
				LastUpgradeCheck = 0430;
			};
			buildConfigurationList = 3DDEFC97159B640C00B4EC41 /* Build configuration list for PBXProject "simpleFBO" */;
			compatibilityVersion = "Xcode 3.2";
			developmentRegion = English;
			hasScannedForEncodings = 0;
			knownRegions = (
				en,
			);
			mainGroup = 3DDEFC92159B640C00B4EC41;
			productRefGroup = 3DDEFC9E159B640C00B4EC41 /* Products */;
			projectDirPath = "";
			projectRoot = "";
			targets = (
				3DDEFC9C159B640C00B4EC41 /* simpleFBO */,
			);
		};
/* End PBXProject section */

/* Begin PBXResourcesBuildPhase section */
		3DDEFC9B159B640C00B4EC41 /* Resources */ = {
			isa = PBXResourcesBuildPhase;
			buildActionMask = 2147483647;
			files = (
				3DDEFCB0159B640C00B4EC41 /* InfoPlist.strings in Resources */,
				3DDEFCB9159B640C00B4EC41 /* MainStoryboard.storyboard in Resources */,
				3DDEFCBB159B640C00B4EC41 /* Shader.fsh in Resources */,
				3DDEFCBD159B640C00B4EC41 /* Shader.vsh in Resources */,
			);
			runOnlyForDeploymentPostprocessing = 0;
		};
/* End PBXResourcesBuildPhase section */

/* Begin PBXSourcesBuildPhase section */
		3DDEFC99159B640C00B4EC41 /* Sources */ = {
			isa = PBXSourcesBuildPhase;
			buildActionMask = 2147483647;
			files = (
				3DDEFCB2159B640C00B4EC41 /* main.m in Sources */,
				3DDEFCB6159B640C00B4EC41 /* AppDelegate.m in Sources */,
				3DDEFCC0159B640C00B4EC41 /* ViewController.m in Sources */,
			);
			runOnlyForDeploymentPostprocessing = 0;
		};
/* End PBXSourcesBuildPhase section */

/* Begin PBXVariantGroup section */
		3DDEFCAE159B640C00B4EC41 /* InfoPlist.strings */ = {
			isa = PBXVariantGroup;
			children = (
				3DDEFCAF159B640C00B4EC41 /* en */,
			);
			name = InfoPlist.strings;
			sourceTree = "<group>";
		};
		3DDEFCB7159B640C00B4EC41 /* MainStoryboard.storyboard */ = {
			isa = PBXVariantGroup;
			children = (
				3DDEFCB8159B640C00B4EC41 /* en */,
			);
			name = MainStoryboard.storyboard;
			sourceTree = "<group>";
		};
/* End PBXVariantGroup section */

/* Begin XCBuildConfiguration section */
		3DDEFCC1159B640C00B4EC41 /* Debug */ = {
			isa = XCBuildConfiguration;
			buildSettings = {
				ALWAYS_SEARCH_USER_PATHS = NO;
				ARCHS = "$(ARCHS_STANDARD_32_BIT)";
				CLANG_ENABLE_OBJC_ARC = YES;
				"CODE_SIGN_IDENTITY[sdk=iphoneos*]" = "iPhone Developer";
				COPY_PHASE_STRIP = NO;
				GCC_C_LANGUAGE_STANDARD = gnu99;
				GCC_DYNAMIC_NO_PIC = NO;
				GCC_OPTIMIZATION_LEVEL = 0;
				GCC_PREPROCESSOR_DEFINITIONS = (
					"DEBUG=1",
					"$(inherited)",
				);
				GCC_SYMBOLS_PRIVATE_EXTERN = NO;
				GCC_VERSION = com.apple.compilers.llvm.clang.1_0;
				GCC_WARN_ABOUT_RETURN_TYPE = YES;
				GCC_WARN_UNINITIALIZED_AUTOS = YES;
				GCC_WARN_UNUSED_VARIABLE = YES;
				IPHONEOS_DEPLOYMENT_TARGET = 5.1;
				SDKROOT = iphoneos;
				TARGETED_DEVICE_FAMILY = 2;
			};
			name = Debug;
		};
		3DDEFCC2159B640C00B4EC41 /* Release */ = {
			isa = XCBuildConfiguration;
			buildSettings = {
				ALWAYS_SEARCH_USER_PATHS = NO;
				ARCHS = "$(ARCHS_STANDARD_32_BIT)";
				CLANG_ENABLE_OBJC_ARC = YES;
				"CODE_SIGN_IDENTITY[sdk=iphoneos*]" = "iPhone Developer";
				COPY_PHASE_STRIP = YES;
				GCC_C_LANGUAGE_STANDARD = gnu99;
				GCC_VERSION = com.apple.compilers.llvm.clang.1_0;
				GCC_WARN_ABOUT_RETURN_TYPE = YES;
				GCC_WARN_UNINITIALIZED_AUTOS = YES;
				GCC_WARN_UNUSED_VARIABLE = YES;
				IPHONEOS_DEPLOYMENT_TARGET = 5.1;
				OTHER_CFLAGS = "-DNS_BLOCK_ASSERTIONS=1";
				SDKROOT = iphoneos;
				TARGETED_DEVICE_FAMILY = 2;
				VALIDATE_PRODUCT = YES;
			};
			name = Release;
		};
		3DDEFCC4159B640C00B4EC41 /* Debug */ = {
			isa = XCBuildConfiguration;
			buildSettings = {
				GCC_PRECOMPILE_PREFIX_HEADER = YES;
				GCC_PREFIX_HEADER = "simpleFBO/simpleFBO-Prefix.pch";
				"GCC_THUMB_SUPPORT[arch=armv6]" = "";
				INFOPLIST_FILE = "simpleFBO/simpleFBO-Info.plist";
				PRODUCT_NAME = "$(TARGET_NAME)";
				WRAPPER_EXTENSION = app;
			};
			name = Debug;
		};
		3DDEFCC5159B640C00B4EC41 /* Release */ = {
			isa = XCBuildConfiguration;
			buildSettings = {
				GCC_PRECOMPILE_PREFIX_HEADER = YES;
				GCC_PREFIX_HEADER = "simpleFBO/simpleFBO-Prefix.pch";
				"GCC_THUMB_SUPPORT[arch=armv6]" = "";
				INFOPLIST_FILE = "simpleFBO/simpleFBO-Info.plist";
				PRODUCT_NAME = "$(TARGET_NAME)";
				WRAPPER_EXTENSION = app;
			};
			name = Release;
		};
/* End XCBuildConfiguration section */

/* Begin XCConfigurationList section */
		3DDEFC97159B640C00B4EC41 /* Build configuration list for PBXProject "simpleFBO" */ = {
			isa = XCConfigurationList;
			buildConfigurations = (
				3DDEFCC1159B640C00B4EC41 /* Debug */,
				3DDEFCC2159B640C00B4EC41 /* Release */,
			);
			defaultConfigurationIsVisible = 0;
			defaultConfigurationName = Release;
		};
		3DDEFCC3159B640C00B4EC41 /* Build configuration list for PBXNativeTarget "simpleFBO" */ = {
			isa = XCConfigurationList;
			buildConfigurations = (
				3DDEFCC4159B640C00B4EC41 /* Debug */,
				3DDEFCC5159B640C00B4EC41 /* Release */,
			);
			defaultConfigurationIsVisible = 0;
		};
/* End XCConfigurationList section */
	};
	rootObject = 3DDEFC94159B640C00B4EC41 /* Project object */;
}
